
Microsoft Visual Studio Solution File, Format Version 12.00
# Visual Studio Version 17
VisualStudioVersion = 17.13.35828.75 d17.13
MinimumVisualStudioVersion = 10.0.40219.1
Project("{FAE04EC0-301F-11D3-BF4B-00C04F79EFBC}") = "CALCOLATRICE 1000", "CALCOLATRICE 1000\CALCOLATRICE 1000.csproj", "{B4A65A4F-E755-4D71-96EA-A816B5B3B24F}"
EndProject
Global
	GlobalSection(SolutionConfigurationPlatforms) = preSolution
		Debug|Any CPU = Debug|Any CPU
		Release|Any CPU = Release|Any CPU
	EndGlobalSection
	GlobalSection(ProjectConfigurationPlatforms) = postSolution
		{B4A65A4F-E755-4D71-96EA-A816B5B3B24F}.Debug|Any CPU.ActiveCfg = Debug|Any CPU
		{B4A65A4F-E755-4D71-96EA-A816B5B3B24F}.Debug|Any CPU.Build.0 = Debug|Any CPU
		{B4A65A4F-E755-4D71-96EA-A816B5B3B24F}.Release|Any CPU.ActiveCfg = Release|Any CPU
		{B4A65A4F-E755-4D71-96EA-A816B5B3B24F}.Release|Any CPU.Build.0 = Release|Any CPU
	EndGlobalSection
	GlobalSection(SolutionProperties) = preSolution
		HideSolutionNode = FALSE
	EndGlobalSection
	GlobalSection(ExtensibilityGlobals) = postSolution
		SolutionGuid = {334D1D82-6985-4325-9B9D-79CB15221725}
	EndGlobalSection
EndGlobal
